
Microsoft Visual Studio Solution File, Format Version 12.00
# Visual Studio Version 16
VisualStudioVersion = 16.0.29215.179
MinimumVisualStudioVersion = 10.0.40219.1
Project("{FAE04EC0-301F-11D3-BF4B-00C04F79EFBC}") = "Multi-State Apartment Info", "Multi-State Apartment Info\Multi-State Apartment Info.csproj", "{F9BCE93C-8D1A-405D-8599-866D8744E91B}"
EndProject
Global
	GlobalSection(SolutionConfigurationPlatforms) = preSolution
		Debug|Any CPU = Debug|Any CPU
		Release|Any CPU = Release|Any CPU
	EndGlobalSection
	GlobalSection(ProjectConfigurationPlatforms) = postSolution
		{F9BCE93C-8D1A-405D-8599-866D8744E91B}.Debug|Any CPU.ActiveCfg = Debug|Any CPU
		{F9BCE93C-8D1A-405D-8599-866D8744E91B}.Debug|Any CPU.Build.0 = Debug|Any CPU
		{F9BCE93C-8D1A-405D-8599-866D8744E91B}.Release|Any CPU.ActiveCfg = Release|Any CPU
		{F9BCE93C-8D1A-405D-8599-866D8744E91B}.Release|Any CPU.Build.0 = Release|Any CPU
	EndGlobalSection
	GlobalSection(SolutionProperties) = preSolution
		HideSolutionNode = FALSE
	EndGlobalSection
	GlobalSection(ExtensibilityGlobals) = postSolution
		SolutionGuid = {C488A309-8332-493C-BFFF-EC6CBBD344ED}
	EndGlobalSection
EndGlobal
